
Microsoft Visual Studio Solution File, Format Version 12.00
# Visual Studio Version 17
VisualStudioVersion = 17.13.35913.81
MinimumVisualStudioVersion = 10.0.40219.1
Project("{FAE04EC0-301F-11D3-BF4B-00C04F79EFBC}") = "TransportManagementSystem", "TransportManagementSystem.csproj", "{7DCE8A20-26B3-401A-A997-EE5FE3C61575}"
EndProject
Project("{FAE04EC0-301F-11D3-BF4B-00C04F79EFBC}") = "TransportTest", "..\TransportTest\TransportTest.csproj", "{BD5BA763-CBFD-4044-ACBF-D3B5AB5E794E}"
EndProject
Global
	GlobalSection(SolutionConfigurationPlatforms) = preSolution
		Debug|Any CPU = Debug|Any CPU
		Release|Any CPU = Release|Any CPU
	EndGlobalSection
	GlobalSection(ProjectConfigurationPlatforms) = postSolution
		{7DCE8A20-26B3-401A-A997-EE5FE3C61575}.Debug|Any CPU.ActiveCfg = Debug|Any CPU
		{7DCE8A20-26B3-401A-A997-EE5FE3C61575}.Debug|Any CPU.Build.0 = Debug|Any CPU
		{7DCE8A20-26B3-401A-A997-EE5FE3C61575}.Release|Any CPU.ActiveCfg = Release|Any CPU
		{7DCE8A20-26B3-401A-A997-EE5FE3C61575}.Release|Any CPU.Build.0 = Release|Any CPU
		{BD5BA763-CBFD-4044-ACBF-D3B5AB5E794E}.Debug|Any CPU.ActiveCfg = Debug|Any CPU
		{BD5BA763-CBFD-4044-ACBF-D3B5AB5E794E}.Debug|Any CPU.Build.0 = Debug|Any CPU
		{BD5BA763-CBFD-4044-ACBF-D3B5AB5E794E}.Release|Any CPU.ActiveCfg = Release|Any CPU
		{BD5BA763-CBFD-4044-ACBF-D3B5AB5E794E}.Release|Any CPU.Build.0 = Release|Any CPU
	EndGlobalSection
	GlobalSection(SolutionProperties) = preSolution
		HideSolutionNode = FALSE
	EndGlobalSection
	GlobalSection(ExtensibilityGlobals) = postSolution
		SolutionGuid = {88AB342E-6250-4C1D-9704-33E164B820D6}
	EndGlobalSection
EndGlobal
